
Microsoft Visual Studio Solution File, Format Version 12.00
# Visual Studio Version 17
VisualStudioVersion = 17.3.32825.248
MinimumVisualStudioVersion = 10.0.40219.1
Project("{8BC9CEB8-8B4A-11D0-8D11-00A0C91BC942}") = "BEE 1065", "BEE 1065.vcxproj", "{4E0D8091-8206-4B81-AE89-FD00EF5A96B0}"
EndProject
Global
	GlobalSection(SolutionConfigurationPlatforms) = preSolution
		Debug|x64 = Debug|x64
		Debug|x86 = Debug|x86
		Release|x64 = Release|x64
		Release|x86 = Release|x86
	EndGlobalSection
	GlobalSection(ProjectConfigurationPlatforms) = postSolution
		{4E0D8091-8206-4B81-AE89-FD00EF5A96B0}.Debug|x64.ActiveCfg = Debug|x64
		{4E0D8091-8206-4B81-AE89-FD00EF5A96B0}.Debug|x64.Build.0 = Debug|x64
		{4E0D8091-8206-4B81-AE89-FD00EF5A96B0}.Debug|x86.ActiveCfg = Debug|Win32
		{4E0D8091-8206-4B81-AE89-FD00EF5A96B0}.Debug|x86.Build.0 = Debug|Win32
		{4E0D8091-8206-4B81-AE89-FD00EF5A96B0}.Release|x64.ActiveCfg = Release|x64
		{4E0D8091-8206-4B81-AE89-FD00EF5A96B0}.Release|x64.Build.0 = Release|x64
		{4E0D8091-8206-4B81-AE89-FD00EF5A96B0}.Release|x86.ActiveCfg = Release|Win32
		{4E0D8091-8206-4B81-AE89-FD00EF5A96B0}.Release|x86.Build.0 = Release|Win32
	EndGlobalSection
	GlobalSection(SolutionProperties) = preSolution
		HideSolutionNode = FALSE
	EndGlobalSection
	GlobalSection(ExtensibilityGlobals) = postSolution
		SolutionGuid = {83A6C733-ADF1-4AF6-B2FE-5506F18851D9}
	EndGlobalSection
EndGlobal
