
Microsoft Visual Studio Solution File, Format Version 12.00
# Visual Studio Version 17
VisualStudioVersion = 17.3.32825.248
MinimumVisualStudioVersion = 10.0.40219.1
Project("{8BC9CEB8-8B4A-11D0-8D11-00A0C91BC942}") = "BEE 1047", "BEE 1047.vcxproj", "{D75C49F1-6E94-4CD9-A1F5-4436C3D8C984}"
EndProject
Global
	GlobalSection(SolutionConfigurationPlatforms) = preSolution
		Debug|x64 = Debug|x64
		Debug|x86 = Debug|x86
		Release|x64 = Release|x64
		Release|x86 = Release|x86
	EndGlobalSection
	GlobalSection(ProjectConfigurationPlatforms) = postSolution
		{D75C49F1-6E94-4CD9-A1F5-4436C3D8C984}.Debug|x64.ActiveCfg = Debug|x64
		{D75C49F1-6E94-4CD9-A1F5-4436C3D8C984}.Debug|x64.Build.0 = Debug|x64
		{D75C49F1-6E94-4CD9-A1F5-4436C3D8C984}.Debug|x86.ActiveCfg = Debug|Win32
		{D75C49F1-6E94-4CD9-A1F5-4436C3D8C984}.Debug|x86.Build.0 = Debug|Win32
		{D75C49F1-6E94-4CD9-A1F5-4436C3D8C984}.Release|x64.ActiveCfg = Release|x64
		{D75C49F1-6E94-4CD9-A1F5-4436C3D8C984}.Release|x64.Build.0 = Release|x64
		{D75C49F1-6E94-4CD9-A1F5-4436C3D8C984}.Release|x86.ActiveCfg = Release|Win32
		{D75C49F1-6E94-4CD9-A1F5-4436C3D8C984}.Release|x86.Build.0 = Release|Win32
	EndGlobalSection
	GlobalSection(SolutionProperties) = preSolution
		HideSolutionNode = FALSE
	EndGlobalSection
	GlobalSection(ExtensibilityGlobals) = postSolution
		SolutionGuid = {37BB5C1B-887F-4A56-9BF3-8E0BB4B34F4C}
	EndGlobalSection
EndGlobal
